
Microsoft Visual Studio Solution File, Format Version 12.00
# Visual Studio 15
VisualStudioVersion = 15.0.26730.12
MinimumVisualStudioVersion = 10.0.40219.1
Project("{FAE04EC0-301F-11D3-BF4B-00C04F79EFBC}") = "CPE200Lab1", "CPE200Lab1\CPE200Lab1.csproj", "{C2B44135-F1AC-48A9-BD70-3BE2C38C2A15}"
EndProject
Project("{FAE04EC0-301F-11D3-BF4B-00C04F79EFBC}") = "CPE200Lab1Tests", "CPE200Lab1Tests\CPE200Lab1Tests.csproj", "{C92330F4-DC76-46B0-970C-73126DE55500}"
EndProject
Global
	GlobalSection(SolutionConfigurationPlatforms) = preSolution
		Debug|Any CPU = Debug|Any CPU
		Release|Any CPU = Release|Any CPU
	EndGlobalSection
	GlobalSection(ProjectConfigurationPlatforms) = postSolution
		{C2B44135-F1AC-48A9-BD70-3BE2C38C2A15}.Debug|Any CPU.ActiveCfg = Debug|Any CPU
		{C2B44135-F1AC-48A9-BD70-3BE2C38C2A15}.Debug|Any CPU.Build.0 = Debug|Any CPU
		{C2B44135-F1AC-48A9-BD70-3BE2C38C2A15}.Release|Any CPU.ActiveCfg = Release|Any CPU
		{C2B44135-F1AC-48A9-BD70-3BE2C38C2A15}.Release|Any CPU.Build.0 = Release|Any CPU
		{C92330F4-DC76-46B0-970C-73126DE55500}.Debug|Any CPU.ActiveCfg = Debug|Any CPU
		{C92330F4-DC76-46B0-970C-73126DE55500}.Debug|Any CPU.Build.0 = Debug|Any CPU
		{C92330F4-DC76-46B0-970C-73126DE55500}.Release|Any CPU.ActiveCfg = Release|Any CPU
		{C92330F4-DC76-46B0-970C-73126DE55500}.Release|Any CPU.Build.0 = Release|Any CPU
	EndGlobalSection
	GlobalSection(SolutionProperties) = preSolution
		HideSolutionNode = FALSE
	EndGlobalSection
	GlobalSection(ExtensibilityGlobals) = postSolution
		SolutionGuid = {6158DCB9-3A90-418E-912B-34F8621B5B33}
	EndGlobalSection
EndGlobal
